// !$*UTF8*$!
{
	archiveVersion = 1;
	classes = {
	};
	objectVersion = 56;
	objects = {

/* Begin PBXBuildFile section */
		6E1852FC2C29BB8700FCA238 /* MilestoneList.swift in Sources */ = {isa = PBXBuildFile; fileRef = 6E1852FB2C29BB8700FCA238 /* MilestoneList.swift */; };
		6E5982302C550F9C0041AEE6 /* CustomLabels.swift in Sources */ = {isa = PBXBuildFile; fileRef = 6E59822F2C550F9C0041AEE6 /* CustomLabels.swift */; };
		6ED610532C25849300393749 /* MilestoneApp.swift in Sources */ = {isa = PBXBuildFile; fileRef = 6ED610522C25849300393749 /* MilestoneApp.swift */; };
		6ED610552C25849300393749 /* ContentView.swift in Sources */ = {isa = PBXBuildFile; fileRef = 6ED610542C25849300393749 /* ContentView.swift */; };
		6ED610572C25849800393749 /* Assets.xcassets in Resources */ = {isa = PBXBuildFile; fileRef = 6ED610562C25849800393749 /* Assets.xcassets */; };
		6ED6105A2C25849800393749 /* Preview Assets.xcassets in Resources */ = {isa = PBXBuildFile; fileRef = 6ED610592C25849800393749 /* Preview Assets.xcassets */; };
		6ED610622C25883700393749 /* HomeView.swift in Sources */ = {isa = PBXBuildFile; fileRef = 6ED610612C25883700393749 /* HomeView.swift */; };
		6ED610652C2588C900393749 /* MilestoneModel.swift in Sources */ = {isa = PBXBuildFile; fileRef = 6ED610642C2588C900393749 /* MilestoneModel.swift */; };
		6ED610682C25923400393749 /* MainViewModel.swift in Sources */ = {isa = PBXBuildFile; fileRef = 6ED610672C25923400393749 /* MainViewModel.swift */; };
		6ED6106D2C28388F00393749 /* MilestoneCard.swift in Sources */ = {isa = PBXBuildFile; fileRef = 6ED6106C2C28388F00393749 /* MilestoneCard.swift */; };
		6ED610702C2838CF00393749 /* AppStyles.swift in Sources */ = {isa = PBXBuildFile; fileRef = 6ED6106F2C2838CF00393749 /* AppStyles.swift */; };
		6ED985162C3A8EA800C7E831 /* EditMilestone.swift in Sources */ = {isa = PBXBuildFile; fileRef = 6ED985152C3A8EA800C7E831 /* EditMilestone.swift */; };
		6ED985182C3BEA7B00C7E831 /* AddMilestone.swift in Sources */ = {isa = PBXBuildFile; fileRef = 6ED985172C3BEA7B00C7E831 /* AddMilestone.swift */; };
		6EDDBAF42C40168D001B071A /* CustomButtons.swift in Sources */ = {isa = PBXBuildFile; fileRef = 6EDDBAF32C40168D001B071A /* CustomButtons.swift */; };
		6EDDBAF82C4162C8001B071A /* DurationStack.swift in Sources */ = {isa = PBXBuildFile; fileRef = 6EDDBAF72C4162C8001B071A /* DurationStack.swift */; };
		6EE9B6BF2C4AEA7200B21F7C /* .gitignore.xib in Resources */ = {isa = PBXBuildFile; fileRef = 6EE9B6BE2C4AEA7200B21F7C /* .gitignore.xib */; };
		6EF988442C537585006EF0FD /* CustomTabs.swift in Sources */ = {isa = PBXBuildFile; fileRef = 6EF988432C537585006EF0FD /* CustomTabs.swift */; };
		6EF988482C53CF31006EF0FD /* TabSelection.swift in Sources */ = {isa = PBXBuildFile; fileRef = 6EF988472C53CF31006EF0FD /* TabSelection.swift */; };
/* End PBXBuildFile section */

/* Begin PBXFileReference section */
		6E1852FB2C29BB8700FCA238 /* MilestoneList.swift */ = {isa = PBXFileReference; lastKnownFileType = sourcecode.swift; path = MilestoneList.swift; sourceTree = "<group>"; };
		6E59822F2C550F9C0041AEE6 /* CustomLabels.swift */ = {isa = PBXFileReference; lastKnownFileType = sourcecode.swift; path = CustomLabels.swift; sourceTree = "<group>"; };
		6ED6104F2C25849300393749 /* Milestone.app */ = {isa = PBXFileReference; explicitFileType = wrapper.application; includeInIndex = 0; path = Milestone.app; sourceTree = BUILT_PRODUCTS_DIR; };
		6ED610522C25849300393749 /* MilestoneApp.swift */ = {isa = PBXFileReference; lastKnownFileType = sourcecode.swift; path = MilestoneApp.swift; sourceTree = "<group>"; };
		6ED610542C25849300393749 /* ContentView.swift */ = {isa = PBXFileReference; lastKnownFileType = sourcecode.swift; path = ContentView.swift; sourceTree = "<group>"; };
		6ED610562C25849800393749 /* Assets.xcassets */ = {isa = PBXFileReference; lastKnownFileType = folder.assetcatalog; path = Assets.xcassets; sourceTree = "<group>"; };
		6ED610592C25849800393749 /* Preview Assets.xcassets */ = {isa = PBXFileReference; lastKnownFileType = folder.assetcatalog; path = "Preview Assets.xcassets"; sourceTree = "<group>"; };
		6ED610612C25883700393749 /* HomeView.swift */ = {isa = PBXFileReference; lastKnownFileType = sourcecode.swift; path = HomeView.swift; sourceTree = "<group>"; };
		6ED610642C2588C900393749 /* MilestoneModel.swift */ = {isa = PBXFileReference; lastKnownFileType = sourcecode.swift; path = MilestoneModel.swift; sourceTree = "<group>"; };
		6ED610672C25923400393749 /* MainViewModel.swift */ = {isa = PBXFileReference; lastKnownFileType = sourcecode.swift; path = MainViewModel.swift; sourceTree = "<group>"; };
		6ED6106C2C28388F00393749 /* MilestoneCard.swift */ = {isa = PBXFileReference; lastKnownFileType = sourcecode.swift; path = MilestoneCard.swift; sourceTree = "<group>"; };
		6ED6106F2C2838CF00393749 /* AppStyles.swift */ = {isa = PBXFileReference; lastKnownFileType = sourcecode.swift; path = AppStyles.swift; sourceTree = "<group>"; };
		6ED985152C3A8EA800C7E831 /* EditMilestone.swift */ = {isa = PBXFileReference; lastKnownFileType = sourcecode.swift; path = EditMilestone.swift; sourceTree = "<group>"; };
		6ED985172C3BEA7B00C7E831 /* AddMilestone.swift */ = {isa = PBXFileReference; lastKnownFileType = sourcecode.swift; path = AddMilestone.swift; sourceTree = "<group>"; };
		6EDDBAF32C40168D001B071A /* CustomButtons.swift */ = {isa = PBXFileReference; lastKnownFileType = sourcecode.swift; path = CustomButtons.swift; sourceTree = "<group>"; };
		6EDDBAF72C4162C8001B071A /* DurationStack.swift */ = {isa = PBXFileReference; lastKnownFileType = sourcecode.swift; path = DurationStack.swift; sourceTree = "<group>"; };
		6EE9B6BE2C4AEA7200B21F7C /* .gitignore.xib */ = {isa = PBXFileReference; lastKnownFileType = file.xib; path = .gitignore.xib; sourceTree = "<group>"; };
		6EF988432C537585006EF0FD /* CustomTabs.swift */ = {isa = PBXFileReference; lastKnownFileType = sourcecode.swift; path = CustomTabs.swift; sourceTree = "<group>"; };
		6EF988472C53CF31006EF0FD /* TabSelection.swift */ = {isa = PBXFileReference; lastKnownFileType = sourcecode.swift; path = TabSelection.swift; sourceTree = "<group>"; };
/* End PBXFileReference section */

/* Begin PBXFrameworksBuildPhase section */
		6ED6104C2C25849300393749 /* Frameworks */ = {
			isa = PBXFrameworksBuildPhase;
			buildActionMask = 2147483647;
			files = (
			);
			runOnlyForDeploymentPostprocessing = 0;
		};
/* End PBXFrameworksBuildPhase section */

/* Begin PBXGroup section */
		6ED610462C25849300393749 = {
			isa = PBXGroup;
			children = (
				6ED610512C25849300393749 /* Milestone */,
				6ED610502C25849300393749 /* Products */,
			);
			sourceTree = "<group>";
		};
		6ED610502C25849300393749 /* Products */ = {
			isa = PBXGroup;
			children = (
				6ED6104F2C25849300393749 /* Milestone.app */,
			);
			name = Products;
			sourceTree = "<group>";
		};
		6ED610512C25849300393749 /* Milestone */ = {
			isa = PBXGroup;
			children = (
				6ED6106E2C2838C100393749 /* Resources */,
				6ED610692C28383900393749 /* Components */,
				6ED610662C25921100393749 /* ViewModels */,
				6ED610632C2588A900393749 /* Models */,
				6ED610602C25881C00393749 /* Views */,
				6ED610522C25849300393749 /* MilestoneApp.swift */,
				6ED610542C25849300393749 /* ContentView.swift */,
				6ED610562C25849800393749 /* Assets.xcassets */,
				6ED610582C25849800393749 /* Preview Content */,
				6EE9B6BE2C4AEA7200B21F7C /* .gitignore.xib */,
			);
			path = Milestone;
			sourceTree = "<group>";
		};
		6ED610582C25849800393749 /* Preview Content */ = {
			isa = PBXGroup;
			children = (
				6ED610592C25849800393749 /* Preview Assets.xcassets */,
			);
			path = "Preview Content";
			sourceTree = "<group>";
		};
		6ED610602C25881C00393749 /* Views */ = {
			isa = PBXGroup;
			children = (
				6ED610612C25883700393749 /* HomeView.swift */,
				6ED6106C2C28388F00393749 /* MilestoneCard.swift */,
				6E1852FB2C29BB8700FCA238 /* MilestoneList.swift */,
				6ED985152C3A8EA800C7E831 /* EditMilestone.swift */,
				6ED985172C3BEA7B00C7E831 /* AddMilestone.swift */,
			);
			path = Views;
			sourceTree = "<group>";
		};
		6ED610632C2588A900393749 /* Models */ = {
			isa = PBXGroup;
			children = (
				6ED610642C2588C900393749 /* MilestoneModel.swift */,
			);
			path = Models;
			sourceTree = "<group>";
		};
		6ED610662C25921100393749 /* ViewModels */ = {
			isa = PBXGroup;
			children = (
				6ED610672C25923400393749 /* MainViewModel.swift */,
			);
			path = ViewModels;
			sourceTree = "<group>";
		};
		6ED610692C28383900393749 /* Components */ = {
			isa = PBXGroup;
			children = (
				6EDDBAF32C40168D001B071A /* CustomButtons.swift */,
				6EDDBAF72C4162C8001B071A /* DurationStack.swift */,
				6EF988432C537585006EF0FD /* CustomTabs.swift */,
				6EF988472C53CF31006EF0FD /* TabSelection.swift */,
				6E59822F2C550F9C0041AEE6 /* CustomLabels.swift */,
			);
			path = Components;
			sourceTree = "<group>";
		};
		6ED6106E2C2838C100393749 /* Resources */ = {
			isa = PBXGroup;
			children = (
				6ED6106F2C2838CF00393749 /* AppStyles.swift */,
			);
			path = Resources;
			sourceTree = "<group>";
		};
/* End PBXGroup section */

/* Begin PBXNativeTarget section */
		6ED6104E2C25849300393749 /* Milestone */ = {
			isa = PBXNativeTarget;
			buildConfigurationList = 6ED6105D2C25849800393749 /* Build configuration list for PBXNativeTarget "Milestone" */;
			buildPhases = (
				6ED6104B2C25849300393749 /* Sources */,
				6ED6104C2C25849300393749 /* Frameworks */,
				6ED6104D2C25849300393749 /* Resources */,
			);
			buildRules = (
			);
			dependencies = (
			);
			name = Milestone;
			productName = Milestone;
			productReference = 6ED6104F2C25849300393749 /* Milestone.app */;
			productType = "com.apple.product-type.application";
		};
/* End PBXNativeTarget section */

/* Begin PBXProject section */
		6ED610472C25849300393749 /* Project object */ = {
			isa = PBXProject;
			attributes = {
				BuildIndependentTargetsInParallel = 1;
				LastSwiftUpdateCheck = 1540;
				LastUpgradeCheck = 1540;
				TargetAttributes = {
					6ED6104E2C25849300393749 = {
						CreatedOnToolsVersion = 15.4;
					};
				};
			};
			buildConfigurationList = 6ED6104A2C25849300393749 /* Build configuration list for PBXProject "Milestone" */;
			compatibilityVersion = "Xcode 14.0";
			developmentRegion = en;
			hasScannedForEncodings = 0;
			knownRegions = (
				en,
				Base,
			);
			mainGroup = 6ED610462C25849300393749;
			productRefGroup = 6ED610502C25849300393749 /* Products */;
			projectDirPath = "";
			projectRoot = "";
			targets = (
				6ED6104E2C25849300393749 /* Milestone */,
			);
		};
/* End PBXProject section */

/* Begin PBXResourcesBuildPhase section */
		6ED6104D2C25849300393749 /* Resources */ = {
			isa = PBXResourcesBuildPhase;
			buildActionMask = 2147483647;
			files = (
				6EE9B6BF2C4AEA7200B21F7C /* .gitignore.xib in Resources */,
				6ED6105A2C25849800393749 /* Preview Assets.xcassets in Resources */,
				6ED610572C25849800393749 /* Assets.xcassets in Resources */,
			);
			runOnlyForDeploymentPostprocessing = 0;
		};
/* End PBXResourcesBuildPhase section */

/* Begin PBXSourcesBuildPhase section */
		6ED6104B2C25849300393749 /* Sources */ = {
			isa = PBXSourcesBuildPhase;
			buildActionMask = 2147483647;
			files = (
				6ED610682C25923400393749 /* MainViewModel.swift in Sources */,
				6EDDBAF42C40168D001B071A /* CustomButtons.swift in Sources */,
				6E5982302C550F9C0041AEE6 /* CustomLabels.swift in Sources */,
				6ED6106D2C28388F00393749 /* MilestoneCard.swift in Sources */,
				6EF988442C537585006EF0FD /* CustomTabs.swift in Sources */,
				6ED985162C3A8EA800C7E831 /* EditMilestone.swift in Sources */,
				6ED610652C2588C900393749 /* MilestoneModel.swift in Sources */,
				6ED610622C25883700393749 /* HomeView.swift in Sources */,
				6EDDBAF82C4162C8001B071A /* DurationStack.swift in Sources */,
				6E1852FC2C29BB8700FCA238 /* MilestoneList.swift in Sources */,
				6ED610552C25849300393749 /* ContentView.swift in Sources */,
				6EF988482C53CF31006EF0FD /* TabSelection.swift in Sources */,
				6ED610532C25849300393749 /* MilestoneApp.swift in Sources */,
				6ED610702C2838CF00393749 /* AppStyles.swift in Sources */,
				6ED985182C3BEA7B00C7E831 /* AddMilestone.swift in Sources */,
			);
			runOnlyForDeploymentPostprocessing = 0;
		};
/* End PBXSourcesBuildPhase section */

/* Begin XCBuildConfiguration section */
		6ED6105B2C25849800393749 /* Debug */ = {
			isa = XCBuildConfiguration;
			buildSettings = {
				ALWAYS_SEARCH_USER_PATHS = NO;
				ASSETCATALOG_COMPILER_GENERATE_SWIFT_ASSET_SYMBOL_EXTENSIONS = YES;
				CLANG_ANALYZER_NONNULL = YES;
				CLANG_ANALYZER_NUMBER_OBJECT_CONVERSION = YES_AGGRESSIVE;
				CLANG_CXX_LANGUAGE_STANDARD = "gnu++20";
				CLANG_ENABLE_MODULES = YES;
				CLANG_ENABLE_OBJC_ARC = YES;
				CLANG_ENABLE_OBJC_WEAK = YES;
				CLANG_WARN_BLOCK_CAPTURE_AUTORELEASING = YES;
				CLANG_WARN_BOOL_CONVERSION = YES;
				CLANG_WARN_COMMA = YES;
				CLANG_WARN_CONSTANT_CONVERSION = YES;
				CLANG_WARN_DEPRECATED_OBJC_IMPLEMENTATIONS = YES;
				CLANG_WARN_DIRECT_OBJC_ISA_USAGE = YES_ERROR;
				CLANG_WARN_DOCUMENTATION_COMMENTS = YES;
				CLANG_WARN_EMPTY_BODY = YES;
				CLANG_WARN_ENUM_CONVERSION = YES;
				CLANG_WARN_INFINITE_RECURSION = YES;
				CLANG_WARN_INT_CONVERSION = YES;
				CLANG_WARN_NON_LITERAL_NULL_CONVERSION = YES;
				CLANG_WARN_OBJC_IMPLICIT_RETAIN_SELF = YES;
				CLANG_WARN_OBJC_LITERAL_CONVERSION = YES;
				CLANG_WARN_OBJC_ROOT_CLASS = YES_ERROR;
				CLANG_WARN_QUOTED_INCLUDE_IN_FRAMEWORK_HEADER = YES;
				CLANG_WARN_RANGE_LOOP_ANALYSIS = YES;
				CLANG_WARN_STRICT_PROTOTYPES = YES;
				CLANG_WARN_SUSPICIOUS_MOVE = YES;
				CLANG_WARN_UNGUARDED_AVAILABILITY = YES_AGGRESSIVE;
				CLANG_WARN_UNREACHABLE_CODE = YES;
				CLANG_WARN__DUPLICATE_METHOD_MATCH = YES;
				COPY_PHASE_STRIP = NO;
				DEBUG_INFORMATION_FORMAT = dwarf;
				ENABLE_STRICT_OBJC_MSGSEND = YES;
				ENABLE_TESTABILITY = YES;
				ENABLE_USER_SCRIPT_SANDBOXING = YES;
				GCC_C_LANGUAGE_STANDARD = gnu17;
				GCC_DYNAMIC_NO_PIC = NO;
				GCC_NO_COMMON_BLOCKS = YES;
				GCC_OPTIMIZATION_LEVEL = 0;
				GCC_PREPROCESSOR_DEFINITIONS = (
					"DEBUG=1",
					"$(inherited)",
				);
				GCC_WARN_64_TO_32_BIT_CONVERSION = YES;
				GCC_WARN_ABOUT_RETURN_TYPE = YES_ERROR;
				GCC_WARN_UNDECLARED_SELECTOR = YES;
				GCC_WARN_UNINITIALIZED_AUTOS = YES_AGGRESSIVE;
				GCC_WARN_UNUSED_FUNCTION = YES;
				GCC_WARN_UNUSED_VARIABLE = YES;
				IPHONEOS_DEPLOYMENT_TARGET = 17.5;
				LOCALIZATION_PREFERS_STRING_CATALOGS = YES;
				MTL_ENABLE_DEBUG_INFO = INCLUDE_SOURCE;
				MTL_FAST_MATH = YES;
				ONLY_ACTIVE_ARCH = YES;
				SDKROOT = iphoneos;
				SWIFT_ACTIVE_COMPILATION_CONDITIONS = "DEBUG $(inherited)";
				SWIFT_OPTIMIZATION_LEVEL = "-Onone";
			};
			name = Debug;
		};
		6ED6105C2C25849800393749 /* Release */ = {
			isa = XCBuildConfiguration;
			buildSettings = {
				ALWAYS_SEARCH_USER_PATHS = NO;
				ASSETCATALOG_COMPILER_GENERATE_SWIFT_ASSET_SYMBOL_EXTENSIONS = YES;
				CLANG_ANALYZER_NONNULL = YES;
				CLANG_ANALYZER_NUMBER_OBJECT_CONVERSION = YES_AGGRESSIVE;
				CLANG_CXX_LANGUAGE_STANDARD = "gnu++20";
				CLANG_ENABLE_MODULES = YES;
				CLANG_ENABLE_OBJC_ARC = YES;
				CLANG_ENABLE_OBJC_WEAK = YES;
				CLANG_WARN_BLOCK_CAPTURE_AUTORELEASING = YES;
				CLANG_WARN_BOOL_CONVERSION = YES;
				CLANG_WARN_COMMA = YES;
				CLANG_WARN_CONSTANT_CONVERSION = YES;
				CLANG_WARN_DEPRECATED_OBJC_IMPLEMENTATIONS = YES;
				CLANG_WARN_DIRECT_OBJC_ISA_USAGE = YES_ERROR;
				CLANG_WARN_DOCUMENTATION_COMMENTS = YES;
				CLANG_WARN_EMPTY_BODY = YES;
				CLANG_WARN_ENUM_CONVERSION = YES;
				CLANG_WARN_INFINITE_RECURSION = YES;
				CLANG_WARN_INT_CONVERSION = YES;
				CLANG_WARN_NON_LITERAL_NULL_CONVERSION = YES;
				CLANG_WARN_OBJC_IMPLICIT_RETAIN_SELF = YES;
				CLANG_WARN_OBJC_LITERAL_CONVERSION = YES;
				CLANG_WARN_OBJC_ROOT_CLASS = YES_ERROR;
				CLANG_WARN_QUOTED_INCLUDE_IN_FRAMEWORK_HEADER = YES;
				CLANG_WARN_RANGE_LOOP_ANALYSIS = YES;
				CLANG_WARN_STRICT_PROTOTYPES = YES;
				CLANG_WARN_SUSPICIOUS_MOVE = YES;
				CLANG_WARN_UNGUARDED_AVAILABILITY = YES_AGGRESSIVE;
				CLANG_WARN_UNREACHABLE_CODE = YES;
				CLANG_WARN__DUPLICATE_METHOD_MATCH = YES;
				COPY_PHASE_STRIP = NO;
				DEBUG_INFORMATION_FORMAT = "dwarf-with-dsym";
				ENABLE_NS_ASSERTIONS = NO;
				ENABLE_STRICT_OBJC_MSGSEND = YES;
				ENABLE_USER_SCRIPT_SANDBOXING = YES;
				GCC_C_LANGUAGE_STANDARD = gnu17;
				GCC_NO_COMMON_BLOCKS = YES;
				GCC_WARN_64_TO_32_BIT_CONVERSION = YES;
				GCC_WARN_ABOUT_RETURN_TYPE = YES_ERROR;
				GCC_WARN_UNDECLARED_SELECTOR = YES;
				GCC_WARN_UNINITIALIZED_AUTOS = YES_AGGRESSIVE;
				GCC_WARN_UNUSED_FUNCTION = YES;
				GCC_WARN_UNUSED_VARIABLE = YES;
				IPHONEOS_DEPLOYMENT_TARGET = 17.5;
				LOCALIZATION_PREFERS_STRING_CATALOGS = YES;
				MTL_ENABLE_DEBUG_INFO = NO;
				MTL_FAST_MATH = YES;
				SDKROOT = iphoneos;
				SWIFT_COMPILATION_MODE = wholemodule;
				VALIDATE_PRODUCT = YES;
			};
			name = Release;
		};
		6ED6105E2C25849800393749 /* Debug */ = {
			isa = XCBuildConfiguration;
			buildSettings = {
				ASSETCATALOG_COMPILER_APPICON_NAME = AppIcon;
				ASSETCATALOG_COMPILER_GLOBAL_ACCENT_COLOR_NAME = AccentColor;
				CODE_SIGN_STYLE = Automatic;
				CURRENT_PROJECT_VERSION = 1;
				DEVELOPMENT_ASSET_PATHS = "\"Milestone/Preview Content\"";
				DEVELOPMENT_TEAM = 6X824N48TS;
				ENABLE_PREVIEWS = YES;
				GENERATE_INFOPLIST_FILE = YES;
				INFOPLIST_KEY_UIApplicationSceneManifest_Generation = YES;
				INFOPLIST_KEY_UIApplicationSupportsIndirectInputEvents = YES;
				INFOPLIST_KEY_UILaunchScreen_Generation = YES;
				INFOPLIST_KEY_UISupportedInterfaceOrientations_iPad = "UIInterfaceOrientationPortrait UIInterfaceOrientationPortraitUpsideDown UIInterfaceOrientationLandscapeLeft UIInterfaceOrientationLandscapeRight";
				INFOPLIST_KEY_UISupportedInterfaceOrientations_iPhone = "UIInterfaceOrientationPortrait UIInterfaceOrientationLandscapeLeft UIInterfaceOrientationLandscapeRight";
				LD_RUNPATH_SEARCH_PATHS = (
					"$(inherited)",
					"@executable_path/Frameworks",
				);
				MARKETING_VERSION = 1.0;
				PRODUCT_BUNDLE_IDENTIFIER = Com.Tremella.Milestone;
				PRODUCT_NAME = "$(TARGET_NAME)";
				SWIFT_EMIT_LOC_STRINGS = YES;
				SWIFT_VERSION = 5.0;
				TARGETED_DEVICE_FAMILY = "1,2";
			};
			name = Debug;
		};
		6ED6105F2C25849800393749 /* Release */ = {
			isa = XCBuildConfiguration;
			buildSettings = {
				ASSETCATALOG_COMPILER_APPICON_NAME = AppIcon;
				ASSETCATALOG_COMPILER_GLOBAL_ACCENT_COLOR_NAME = AccentColor;
				CODE_SIGN_STYLE = Automatic;
				CURRENT_PROJECT_VERSION = 1;
				DEVELOPMENT_ASSET_PATHS = "\"Milestone/Preview Content\"";
				DEVELOPMENT_TEAM = 6X824N48TS;
				ENABLE_PREVIEWS = YES;
				GENERATE_INFOPLIST_FILE = YES;
				INFOPLIST_KEY_UIApplicationSceneManifest_Generation = YES;
				INFOPLIST_KEY_UIApplicationSupportsIndirectInputEvents = YES;
				INFOPLIST_KEY_UILaunchScreen_Generation = YES;
				INFOPLIST_KEY_UISupportedInterfaceOrientations_iPad = "UIInterfaceOrientationPortrait UIInterfaceOrientationPortraitUpsideDown UIInterfaceOrientationLandscapeLeft UIInterfaceOrientationLandscapeRight";
				INFOPLIST_KEY_UISupportedInterfaceOrientations_iPhone = "UIInterfaceOrientationPortrait UIInterfaceOrientationLandscapeLeft UIInterfaceOrientationLandscapeRight";
				LD_RUNPATH_SEARCH_PATHS = (
					"$(inherited)",
					"@executable_path/Frameworks",
				);
				MARKETING_VERSION = 1.0;
				PRODUCT_BUNDLE_IDENTIFIER = Com.Tremella.Milestone;
				PRODUCT_NAME = "$(TARGET_NAME)";
				SWIFT_EMIT_LOC_STRINGS = YES;
				SWIFT_VERSION = 5.0;
				TARGETED_DEVICE_FAMILY = "1,2";
			};
			name = Release;
		};
/* End XCBuildConfiguration section */

/* Begin XCConfigurationList section */
		6ED6104A2C25849300393749 /* Build configuration list for PBXProject "Milestone" */ = {
			isa = XCConfigurationList;
			buildConfigurations = (
				6ED6105B2C25849800393749 /* Debug */,
				6ED6105C2C25849800393749 /* Release */,
			);
			defaultConfigurationIsVisible = 0;
			defaultConfigurationName = Release;
		};
		6ED6105D2C25849800393749 /* Build configuration list for PBXNativeTarget "Milestone" */ = {
			isa = XCConfigurationList;
			buildConfigurations = (
				6ED6105E2C25849800393749 /* Debug */,
				6ED6105F2C25849800393749 /* Release */,
			);
			defaultConfigurationIsVisible = 0;
			defaultConfigurationName = Release;
		};
/* End XCConfigurationList section */
	};
	rootObject = 6ED610472C25849300393749 /* Project object */;
}
